
Microsoft Visual Studio Solution File, Format Version 12.00
# Visual Studio 15
VisualStudioVersion = 15.0.28307.1259
MinimumVisualStudioVersion = 10.0.40219.1
Project("{FAE04EC0-301F-11D3-BF4B-00C04F79EFBC}") = "PersonalSiteMVC.UI.MVC", "PersonalSiteMVC.UI.MVC\PersonalSiteMVC.UI.MVC.csproj", "{96EE09C0-2A97-4051-AA27-F9D69840E1F7}"
EndProject
Global
	GlobalSection(SolutionConfigurationPlatforms) = preSolution
		Debug|Any CPU = Debug|Any CPU
		Release|Any CPU = Release|Any CPU
	EndGlobalSection
	GlobalSection(ProjectConfigurationPlatforms) = postSolution
		{96EE09C0-2A97-4051-AA27-F9D69840E1F7}.Debug|Any CPU.ActiveCfg = Debug|Any CPU
		{96EE09C0-2A97-4051-AA27-F9D69840E1F7}.Debug|Any CPU.Build.0 = Debug|Any CPU
		{96EE09C0-2A97-4051-AA27-F9D69840E1F7}.Release|Any CPU.ActiveCfg = Release|Any CPU
		{96EE09C0-2A97-4051-AA27-F9D69840E1F7}.Release|Any CPU.Build.0 = Release|Any CPU
	EndGlobalSection
	GlobalSection(SolutionProperties) = preSolution
		HideSolutionNode = FALSE
	EndGlobalSection
	GlobalSection(ExtensibilityGlobals) = postSolution
		SolutionGuid = {C969E450-E15F-4362-ABF9-DBE30CF75CBD}
	EndGlobalSection
EndGlobal
